
Microsoft Visual Studio Solution File, Format Version 12.00
# Visual Studio Version 17
VisualStudioVersion = 17.4.33403.182
MinimumVisualStudioVersion = 10.0.40219.1
Project("{FAE04EC0-301F-11D3-BF4B-00C04F79EFBC}") = "Text_Writer", "Text_Writer\Text_Writer.csproj", "{7F82D028-5E06-4CD0-A045-FA1BA3049DB3}"
EndProject
Global
	GlobalSection(SolutionConfigurationPlatforms) = preSolution
		Debug|Any CPU = Debug|Any CPU
		Release|Any CPU = Release|Any CPU
	EndGlobalSection
	GlobalSection(ProjectConfigurationPlatforms) = postSolution
		{7F82D028-5E06-4CD0-A045-FA1BA3049DB3}.Debug|Any CPU.ActiveCfg = Debug|Any CPU
		{7F82D028-5E06-4CD0-A045-FA1BA3049DB3}.Debug|Any CPU.Build.0 = Debug|Any CPU
		{7F82D028-5E06-4CD0-A045-FA1BA3049DB3}.Release|Any CPU.ActiveCfg = Release|Any CPU
		{7F82D028-5E06-4CD0-A045-FA1BA3049DB3}.Release|Any CPU.Build.0 = Release|Any CPU
	EndGlobalSection
	GlobalSection(SolutionProperties) = preSolution
		HideSolutionNode = FALSE
	EndGlobalSection
	GlobalSection(ExtensibilityGlobals) = postSolution
		SolutionGuid = {7E99C1A4-B98A-4798-9AE2-62CFCF33F68B}
	EndGlobalSection
EndGlobal
